
Microsoft Visual Studio Solution File, Format Version 12.00
# Visual Studio Version 17
VisualStudioVersion = 17.5.33530.505
MinimumVisualStudioVersion = 10.0.40219.1
Project("{9A19103F-16F7-4668-BE54-9A1E7A4F7556}") = "OTP.Domain", "OTP.Domain\OTP.Domain.csproj", "{73C19960-8A85-4010-9C94-84A843101C0E}"
EndProject
Project("{9A19103F-16F7-4668-BE54-9A1E7A4F7556}") = "OTP.UnitTests", "OTP.UnitTests\OTP.UnitTests.csproj", "{6E73794B-D078-4424-812C-87FD99EED105}"
EndProject
Project("{9A19103F-16F7-4668-BE54-9A1E7A4F7556}") = "OTP.MVC", "OTP.MVC\OTP.MVC.csproj", "{B8A42F7F-0EC5-479C-B93F-D137D7A17269}"
EndProject
Global
	GlobalSection(SolutionConfigurationPlatforms) = preSolution
		Debug|Any CPU = Debug|Any CPU
		Release|Any CPU = Release|Any CPU
	EndGlobalSection
	GlobalSection(ProjectConfigurationPlatforms) = postSolution
		{73C19960-8A85-4010-9C94-84A843101C0E}.Debug|Any CPU.ActiveCfg = Debug|Any CPU
		{73C19960-8A85-4010-9C94-84A843101C0E}.Debug|Any CPU.Build.0 = Debug|Any CPU
		{73C19960-8A85-4010-9C94-84A843101C0E}.Release|Any CPU.ActiveCfg = Release|Any CPU
		{73C19960-8A85-4010-9C94-84A843101C0E}.Release|Any CPU.Build.0 = Release|Any CPU
		{6E73794B-D078-4424-812C-87FD99EED105}.Debug|Any CPU.ActiveCfg = Debug|Any CPU
		{6E73794B-D078-4424-812C-87FD99EED105}.Debug|Any CPU.Build.0 = Debug|Any CPU
		{6E73794B-D078-4424-812C-87FD99EED105}.Release|Any CPU.ActiveCfg = Release|Any CPU
		{6E73794B-D078-4424-812C-87FD99EED105}.Release|Any CPU.Build.0 = Release|Any CPU
		{B8A42F7F-0EC5-479C-B93F-D137D7A17269}.Debug|Any CPU.ActiveCfg = Debug|Any CPU
		{B8A42F7F-0EC5-479C-B93F-D137D7A17269}.Debug|Any CPU.Build.0 = Debug|Any CPU
		{B8A42F7F-0EC5-479C-B93F-D137D7A17269}.Release|Any CPU.ActiveCfg = Release|Any CPU
		{B8A42F7F-0EC5-479C-B93F-D137D7A17269}.Release|Any CPU.Build.0 = Release|Any CPU
	EndGlobalSection
	GlobalSection(SolutionProperties) = preSolution
		HideSolutionNode = FALSE
	EndGlobalSection
	GlobalSection(ExtensibilityGlobals) = postSolution
		SolutionGuid = {4790AB19-DE76-4CEC-9F53-6AF78CF7D397}
	EndGlobalSection
EndGlobal
